<?xml version="1.0" encoding="utf-8"?>
<Project ToolsVersion="15.0" xmlns="http://schemas.microsoft.com/developer/msbuild/2003">
  <ItemGroup>
    <ClCompile Include="C:\Users\LMC\2021\Proyecto05\BASE_DIR\11FuncionesYCadenas\Example_7_5.c">
      <Filter>Source Files</Filter>
    </ClCompile>
  </ItemGroup>
  <ItemGroup>
    <CustomBuild Include="C:\Users\LMC\2021\Proyecto05\BASE_DIR\11FuncionesYCadenas\CMakeLists.txt" />
  </ItemGroup>
  <ItemGroup>
    <Filter Include="Source Files">
      <UniqueIdentifier>{A7C9C2F5-80C4-3EF3-84A6-29BFCDB5BC80}</UniqueIdentifier>
    </Filter>
  </ItemGroup>
</Project>
