<?xml version="1.0" encoding="UTF-8" standalone="yes" ?>
<CodeBlocks_project_file>
	<FileVersion major="1" minor="6" />
	<Project>
		<Option title="07Practica07_04" />
		<Option pch_mode="2" />
		<Option compiler="gcc" />
		<Build>
			<Target title="InverseImage">
				<Option output="bin/Release/07Practica07_04" prefix_auto="1" extension_auto="1" />
				<Option object_output="obj/Release/" />
				<Option type="1" />
				<Option compiler="gcc" />
				<Compiler>
					<Add option="-O2" />
				</Compiler>
				<Linker>
					<Add option="-s" />
				</Linker>
			</Target>
			<Target title="TestConjDInts">
				<Option output="bin/TestConjDInts/07Practica07_04" prefix_auto="1" extension_auto="1" />
				<Option working_dir="bin/TestConjDInts/" />
				<Option object_output="obj/TestConjDInts/" />
				<Option type="1" />
				<Option compiler="gcc" />
				<Compiler>
					<Add option="-O2" />
				</Compiler>
				<Linker>
					<Add option="-s" />
				</Linker>
			</Target>
			<Target title="GettingInverseImages">
				<Option output="bin/GettingInverseImages/07Practica07_04" prefix_auto="1" extension_auto="1" />
				<Option working_dir="bin/GettingInverseImages/" />
				<Option object_output="obj/GettingInverseImages/" />
				<Option type="1" />
				<Option compiler="gcc" />
				<Compiler>
					<Add option="-O2" />
				</Compiler>
				<Linker>
					<Add option="-s" />
				</Linker>
			</Target>
		</Build>
		<Compiler>
			<Add option="-Wall" />
		</Compiler>
		<Unit filename="07Practica07_04.cbp" />
		<Unit filename="ConjDInts.c">
			<Option compilerVar="CC" />
			<Option target="TestConjDInts" />
			<Option target="GettingInverseImages" />
		</Unit>
		<Unit filename="GettingInverseImages/GetInvImgs.c">
			<Option compilerVar="CC" />
			<Option target="GettingInverseImages" />
		</Unit>
		<Unit filename="LintroProg.c">
			<Option compilerVar="CC" />
		</Unit>
		<Unit filename="PO_DiaNumDLab.h" />
		<Unit filename="TestConjDInts/TestConjDInts.c">
			<Option compilerVar="CC" />
			<Option target="TestConjDInts" />
		</Unit>
		<Unit filename="TestInverseImage.c">
			<Option compilerVar="CC" />
			<Option target="InverseImage" />
		</Unit>
		<Extensions />
	</Project>
</CodeBlocks_project_file>
