<?xml version="1.0" encoding="UTF-8" standalone="yes" ?>
<CodeBlocks_project_file>
	<FileVersion major="1" minor="6" />
	<Project>
		<Option title="libIntroProgUtil_dot_a" />
		<Option pch_mode="2" />
		<Option compiler="gcc" />
		<Build>
			<Target title="Debug">
				<Option output="bin/Debug/IntroProgUtil" prefix_auto="1" extension_auto="1" />
				<Option working_dir="" />
				<Option object_output="obj/Debug/" />
				<Option type="2" />
				<Option compiler="gcc" />
				<Option createDefFile="1" />
				<Compiler>
					<Add option="-Wall" />
					<Add option="-g" />
				</Compiler>
			</Target>
			<Target title="Release">
				<Option output="bin/Release/IntroProgUtil" prefix_auto="1" extension_auto="1" />
				<Option working_dir="" />
				<Option object_output="obj/Release/" />
				<Option type="2" />
				<Option compiler="gcc" />
				<Option createDefFile="1" />
				<Compiler>
					<Add option="-Wall" />
					<Add option="-O2" />
				</Compiler>
				<Linker>
					<Add option="-s" />
				</Linker>
			</Target>
		</Build>
		<Compiler>
			<Add directory="../202110/ProgEst02/include" />
		</Compiler>
		<Unit filename="IntroProgUnidad02_util.h">
			<Option target="Release" />
		</Unit>
		<Unit filename="IntroProgUtil.c">
			<Option compilerVar="CC" />
		</Unit>
		<Unit filename="PO_DiaNumDLab.h">
			<Option target="Release" />
		</Unit>
		<Unit filename="Unidad02_libIntroProgUtil.c">
			<Option compilerVar="CC" />
			<Option target="Release" />
		</Unit>
		<Unit filename="copy_matriz.c">
			<Option compilerVar="CC" />
		</Unit>
		<Unit filename="det.c">
			<Option compilerVar="CC" />
		</Unit>
		<Unit filename="get_traspose.c">
			<Option compilerVar="CC" />
		</Unit>
		<Unit filename="inverse_matrix.c">
			<Option compilerVar="CC" />
		</Unit>
		<Unit filename="print_matriz.c">
			<Option compilerVar="CC" />
		</Unit>
		<Unit filename="sub_matrix.c">
			<Option compilerVar="CC" />
		</Unit>
		<Extensions />
	</Project>
</CodeBlocks_project_file>
